
Microsoft Visual Studio Solution File, Format Version 12.00
# Visual Studio Version 17
VisualStudioVersion = 17.9.34616.47
MinimumVisualStudioVersion = 10.0.40219.1
Project("{FAE04EC0-301F-11D3-BF4B-00C04F79EFBC}") = "LeapYearCalculator", "LeapYearCalculator\LeapYearCalculator.csproj", "{7500D03B-C499-424C-AA28-A17CE7DCE8DE}"
EndProject
Global
	GlobalSection(SolutionConfigurationPlatforms) = preSolution
		Debug|Any CPU = Debug|Any CPU
		Release|Any CPU = Release|Any CPU
	EndGlobalSection
	GlobalSection(ProjectConfigurationPlatforms) = postSolution
		{7500D03B-C499-424C-AA28-A17CE7DCE8DE}.Debug|Any CPU.ActiveCfg = Debug|Any CPU
		{7500D03B-C499-424C-AA28-A17CE7DCE8DE}.Debug|Any CPU.Build.0 = Debug|Any CPU
		{7500D03B-C499-424C-AA28-A17CE7DCE8DE}.Release|Any CPU.ActiveCfg = Release|Any CPU
		{7500D03B-C499-424C-AA28-A17CE7DCE8DE}.Release|Any CPU.Build.0 = Release|Any CPU
	EndGlobalSection
	GlobalSection(SolutionProperties) = preSolution
		HideSolutionNode = FALSE
	EndGlobalSection
	GlobalSection(ExtensibilityGlobals) = postSolution
		SolutionGuid = {CB881890-FA82-457A-AE32-CE704C77D36A}
	EndGlobalSection
EndGlobal
